
Microsoft Visual Studio Solution File, Format Version 12.00
# Visual Studio Version 16
VisualStudioVersion = 16.0.31515.178
MinimumVisualStudioVersion = 10.0.40219.1
Project("{FAE04EC0-301F-11D3-BF4B-00C04F79EFBC}") = "Public-IP-Change-Notifier", "Public-IP-Change-Notifier\Public-IP-Change-Notifier.csproj", "{EF454B85-5E12-42B1-ABAB-55807A5A1571}"
EndProject
Global
	GlobalSection(SolutionConfigurationPlatforms) = preSolution
		Debug|Any CPU = Debug|Any CPU
		Release|Any CPU = Release|Any CPU
	EndGlobalSection
	GlobalSection(ProjectConfigurationPlatforms) = postSolution
		{EF454B85-5E12-42B1-ABAB-55807A5A1571}.Debug|Any CPU.ActiveCfg = Debug|Any CPU
		{EF454B85-5E12-42B1-ABAB-55807A5A1571}.Debug|Any CPU.Build.0 = Debug|Any CPU
		{EF454B85-5E12-42B1-ABAB-55807A5A1571}.Release|Any CPU.ActiveCfg = Release|Any CPU
		{EF454B85-5E12-42B1-ABAB-55807A5A1571}.Release|Any CPU.Build.0 = Release|Any CPU
	EndGlobalSection
	GlobalSection(SolutionProperties) = preSolution
		HideSolutionNode = FALSE
	EndGlobalSection
	GlobalSection(ExtensibilityGlobals) = postSolution
		SolutionGuid = {D39EFA42-1E2C-486C-AF21-91759C91A0F6}
	EndGlobalSection
EndGlobal
